
Microsoft Visual Studio Solution File, Format Version 12.00
# Visual Studio 2013
VisualStudioVersion = 12.0.30723.0
MinimumVisualStudioVersion = 10.0.40219.1
Project("{FAE04EC0-301F-11D3-BF4B-00C04F79EFBC}") = "Application.Specs", "Source\Application.Specs\Application.Specs.csproj", "{3F8CB7BC-A0A1-4823-8CB4-8AF3BC93FEC5}"
EndProject
Project("{FAE04EC0-301F-11D3-BF4B-00C04F79EFBC}") = "FibonacciGenerator", "Source\FibonacciGenerator\FibonacciGenerator.csproj", "{03D8220B-C6A7-4062-859E-DD95C2E39902}"
EndProject
Global
	GlobalSection(SolutionConfigurationPlatforms) = preSolution
		Debug|Any CPU = Debug|Any CPU
		Release|Any CPU = Release|Any CPU
	EndGlobalSection
	GlobalSection(ProjectConfigurationPlatforms) = postSolution
		{3F8CB7BC-A0A1-4823-8CB4-8AF3BC93FEC5}.Debug|Any CPU.ActiveCfg = Debug|Any CPU
		{3F8CB7BC-A0A1-4823-8CB4-8AF3BC93FEC5}.Debug|Any CPU.Build.0 = Debug|Any CPU
		{3F8CB7BC-A0A1-4823-8CB4-8AF3BC93FEC5}.Release|Any CPU.ActiveCfg = Release|Any CPU
		{3F8CB7BC-A0A1-4823-8CB4-8AF3BC93FEC5}.Release|Any CPU.Build.0 = Release|Any CPU
		{03D8220B-C6A7-4062-859E-DD95C2E39902}.Debug|Any CPU.ActiveCfg = Debug|Any CPU
		{03D8220B-C6A7-4062-859E-DD95C2E39902}.Debug|Any CPU.Build.0 = Debug|Any CPU
		{03D8220B-C6A7-4062-859E-DD95C2E39902}.Release|Any CPU.ActiveCfg = Release|Any CPU
		{03D8220B-C6A7-4062-859E-DD95C2E39902}.Release|Any CPU.Build.0 = Release|Any CPU
	EndGlobalSection
	GlobalSection(SolutionProperties) = preSolution
		HideSolutionNode = FALSE
	EndGlobalSection
EndGlobal
